
Microsoft Visual Studio Solution File, Format Version 12.00
# Visual Studio Version 16
VisualStudioVersion = 16.0.31402.337
MinimumVisualStudioVersion = 10.0.40219.1
Project("{9A19103F-16F7-4668-BE54-9A1E7A4F7556}") = "DesignPatterns", "DesignPatterns\DesignPatterns.csproj", "{4EFB1985-E62C-419E-B097-068F82F33449}"
EndProject
Project("{9A19103F-16F7-4668-BE54-9A1E7A4F7556}") = "DesignPatternTests", "DesignPatternTests\DesignPatternTests.csproj", "{5E820206-C241-4CBC-8193-9798E67B3F94}"
EndProject
Global
	GlobalSection(SolutionConfigurationPlatforms) = preSolution
		Debug|Any CPU = Debug|Any CPU
		Release|Any CPU = Release|Any CPU
	EndGlobalSection
	GlobalSection(ProjectConfigurationPlatforms) = postSolution
		{4EFB1985-E62C-419E-B097-068F82F33449}.Debug|Any CPU.ActiveCfg = Debug|Any CPU
		{4EFB1985-E62C-419E-B097-068F82F33449}.Debug|Any CPU.Build.0 = Debug|Any CPU
		{4EFB1985-E62C-419E-B097-068F82F33449}.Release|Any CPU.ActiveCfg = Release|Any CPU
		{4EFB1985-E62C-419E-B097-068F82F33449}.Release|Any CPU.Build.0 = Release|Any CPU
		{5E820206-C241-4CBC-8193-9798E67B3F94}.Debug|Any CPU.ActiveCfg = Debug|Any CPU
		{5E820206-C241-4CBC-8193-9798E67B3F94}.Debug|Any CPU.Build.0 = Debug|Any CPU
		{5E820206-C241-4CBC-8193-9798E67B3F94}.Release|Any CPU.ActiveCfg = Release|Any CPU
		{5E820206-C241-4CBC-8193-9798E67B3F94}.Release|Any CPU.Build.0 = Release|Any CPU
	EndGlobalSection
	GlobalSection(SolutionProperties) = preSolution
		HideSolutionNode = FALSE
	EndGlobalSection
	GlobalSection(ExtensibilityGlobals) = postSolution
		SolutionGuid = {DFFB0B14-D185-44EF-A94C-FD49BCD9D03A}
	EndGlobalSection
EndGlobal
